{
  "originHash" : "a235d5ff5a52c8641b6d33282498d987de01d39c2c29419a26d69592250c79f2",
  "pins" : [
    {
      "identity" : "aexml",
      "kind" : "remoteSourceControl",
      "location" : "https://github.com/tadija/AEXML.git",
      "state" : {
        "revision" : "db806756c989760b35108146381535aec231092b",
        "version" : "4.7.0"
      }
    },
    {
      "identity" : "cryptoswift",
      "kind" : "remoteSourceControl",
      "location" : "https://github.com/krzyzanowskim/CryptoSwift.git",
      "state" : {
        "revision" : "e45a26384239e028ec87fbcc788f513b67e10d8f",
        "version" : "1.9.0"
      }
    },
    {
      "identity" : "differencekit",
      "kind" : "remoteSourceControl",
      "location" : "https://github.com/ra1028/DifferenceKit.git",
      "state" : {
        "revision" : "073b9671ce2b9b5b96398611427a1f929927e428",
        "version" : "1.3.0"
      }
    },
    {
      "identity" : "fontblaster",
      "kind" : "remoteSourceControl",
      "location" : "https://github.com/ArtSabintsev/FontBlaster.git",
      "state" : {
        "revision" : "09fffe9cf20293fce81ce7154b46f8e60291baa8",
        "version" : "5.3.0"
      }
    },
    {
      "identity" : "fuzi",
      "kind" : "remoteSourceControl",
      "location" : "https://github.com/readium/Fuzi.git",
      "state" : {
        "revision" : "347aab158ff8894966ff80469b384bb5337928cd",
        "version" : "4.0.0"
      }
    },
    {
      "identity" : "gcdwebserver",
      "kind" : "remoteSourceControl",
      "location" : "https://github.com/readium/GCDWebServer",
      "state" : {
        "revision" : "584db89a4c3c3be27206cce6afde037b2b6e38d8",
        "version" : "4.0.1"
      }
    },
    {
      "identity" : "kingfisher",
      "kind" : "remoteSourceControl",
      "location" : "https://github.com/onevcat/Kingfisher",
      "state" : {
        "revision" : "1a0c2df04b31ed7aa318354f3583faea24f006fc",
        "version" : "5.15.8"
      }
    },
    {
      "identity" : "mbprogresshud",
      "kind" : "remoteSourceControl",
      "location" : "https://github.com/jdg/MBProgressHUD",
      "state" : {
        "revision" : "bca42b801100b2b3a4eda0ba8dd33d858c780b0d",
        "version" : "1.2.0"
      }
    },
    {
      "identity" : "menuitemkit",
      "kind" : "remoteSourceControl",
      "location" : "https://github.com/cxa/MenuItemKit.git",
      "state" : {
        "revision" : "3f832b3d2a6075e1e6b7db06c498dd710c773e6f",
        "version" : "3.2.2"
      }
    },
    {
      "identity" : "realm-core",
      "kind" : "remoteSourceControl",
      "location" : "https://github.com/realm/realm-core.git",
      "state" : {
        "revision" : "f8e1a38a4099785af597ab813ae01f9901858b65",
        "version" : "13.21.0"
      }
    },
    {
      "identity" : "realm-swift",
      "kind" : "remoteSourceControl",
      "location" : "https://github.com/realm/realm-swift",
      "state" : {
        "revision" : "7bde71f2c0754d048fd65a85b9fd09e10bcdd41c",
        "version" : "10.42.4"
      }
    },
    {
      "identity" : "sqlite.swift",
      "kind" : "remoteSourceControl",
      "location" : "https://github.com/stephencelis/SQLite.swift.git",
      "state" : {
        "revision" : "0c08856385fe24f7b76d8c51842d78a196e8e817",
        "version" : "0.15.5"
      }
    },
    {
      "identity" : "swiftsoup",
      "kind" : "remoteSourceControl",
      "location" : "https://github.com/scinfu/SwiftSoup.git",
      "state" : {
        "revision" : "e40910293caa6d94802e1a69b80517c88e77eaff",
        "version" : "2.13.3"
      }
    },
    {
      "identity" : "zip",
      "kind" : "remoteSourceControl",
      "location" : "https://github.com/marmelroy/Zip.git",
      "state" : {
        "revision" : "67fa55813b9e7b3b9acee9c0ae501def28746d76",
        "version" : "2.1.2"
      }
    },
    {
      "identity" : "zipfoundation",
      "kind" : "remoteSourceControl",
      "location" : "https://github.com/readium/ZIPFoundation.git",
      "state" : {
        "revision" : "adb49c8bfe060cc187370b12fa081012a6440b86",
        "version" : "3.0.1"
      }
    }
  ],
  "version" : 3
}
