{
  "object": {
    "pins": [
      {
        "package": "SwiftUICharts",
        "repositoryURL": "git@github.com:AppPear/ChartView.git",
        "state": {
          "branch": null,
          "revision": "9115a992c91fa19cbb4f2241084240d38654a1fc",
          "version": "1.5.5"
        }
      }
    ]
  },
  "version": 1
}
