// !$*UTF8*$!
{
	archiveVersion = 1;
	classes = {
	};
	objectVersion = 52;
	objects = {

/* Begin PBXBuildFile section */
		17C3957C8FAD6C8F240E2079 /* Pods_YetAnotherEBookReader.framework in Frameworks */ = {isa = PBXBuildFile; fileRef = DAAD088B00B456E9B7569E42 /* Pods_YetAnotherEBookReader.framework */; };
		2A07541825F35D4D00A34306 /* EpubReader.swift in Sources */ = {isa = PBXBuildFile; fileRef = 2A07541725F35D4D00A34306 /* EpubReader.swift */; };
		2A07541E25F35FAB00A34306 /* EpubReaderContainer.swift in Sources */ = {isa = PBXBuildFile; fileRef = 2A07541D25F35FAB00A34306 /* EpubReaderContainer.swift */; };
		2A1A4BF62616CCED00E95ED5 /* SwiftUI_Ad_Banner.swift .swift in Sources */ = {isa = PBXBuildFile; fileRef = 2A1A4BF52616CCED00E95ED5 /* SwiftUI_Ad_Banner.swift .swift */; };
		2A1A4BFE2619EBE300E95ED5 /* Utils.swift in Sources */ = {isa = PBXBuildFile; fileRef = 2A1A4BFD2619EBE300E95ED5 /* Utils.swift */; };
		2A65F390261358A40064E3D8 /* SectionShelfController.swift in Sources */ = {isa = PBXBuildFile; fileRef = 2A65F38F261358A40064E3D8 /* SectionShelfController.swift */; };
		2A65F39426135BE80064E3D8 /* SectionShelfUI.swift in Sources */ = {isa = PBXBuildFile; fileRef = 2A65F39326135BE80064E3D8 /* SectionShelfUI.swift */; };
		2A65F39C2614A77F0064E3D8 /* ServerView.swift in Sources */ = {isa = PBXBuildFile; fileRef = 2A65F39B2614A77F0064E3D8 /* ServerView.swift */; };
		2A762221261C07C50067EFD8 /* FolioReaderKit in Frameworks */ = {isa = PBXBuildFile; productRef = 2A762220261C07C50067EFD8 /* FolioReaderKit */; };
		2A890571260076780072B580 /* PDFOptionView.swift in Sources */ = {isa = PBXBuildFile; fileRef = 2A890570260076780072B580 /* PDFOptionView.swift */; };
		2A8C26B525C54BC800FC7FC0 /* WebViewUIVC.swift in Sources */ = {isa = PBXBuildFile; fileRef = 2A8C26B425C54BC800FC7FC0 /* WebViewUIVC.swift */; };
		2A8C26BA25C54C6B00FC7FC0 /* WebViewUI.swift in Sources */ = {isa = PBXBuildFile; fileRef = 2A8C26B925C54C6B00FC7FC0 /* WebViewUI.swift */; };
		2A8C26C325C589D900FC7FC0 /* PDFViewUI.swift in Sources */ = {isa = PBXBuildFile; fileRef = 2A8C26C225C589D900FC7FC0 /* PDFViewUI.swift */; };
		2A8C26D025C5A1E100FC7FC0 /* PDFViewController.swift in Sources */ = {isa = PBXBuildFile; fileRef = 2A8C26CF25C5A1E000FC7FC0 /* PDFViewController.swift */; };
		2A8C26D825C5A7D000FC7FC0 /* PDFViewContainer.swift in Sources */ = {isa = PBXBuildFile; fileRef = 2A8C26D725C5A7D000FC7FC0 /* PDFViewContainer.swift */; };
		2A8C278525CBD46E00FC7FC0 /* ShelfViewModel.swift in Sources */ = {isa = PBXBuildFile; fileRef = 2A8C277D25CBD46D00FC7FC0 /* ShelfViewModel.swift */; };
		2A8C278625CBD46E00FC7FC0 /* PlainShelfView.swift in Sources */ = {isa = PBXBuildFile; fileRef = 2A8C277E25CBD46D00FC7FC0 /* PlainShelfView.swift */; };
		2A8C278725CBD46E00FC7FC0 /* ShelfHeaderCellView.swift in Sources */ = {isa = PBXBuildFile; fileRef = 2A8C277F25CBD46D00FC7FC0 /* ShelfHeaderCellView.swift */; };
		2A8C278825CBD46E00FC7FC0 /* SectionShelfView.swift in Sources */ = {isa = PBXBuildFile; fileRef = 2A8C278025CBD46D00FC7FC0 /* SectionShelfView.swift */; };
		2A8C278925CBD46E00FC7FC0 /* ShelfCellView.swift in Sources */ = {isa = PBXBuildFile; fileRef = 2A8C278125CBD46E00FC7FC0 /* ShelfCellView.swift */; };
		2A8C278A25CBD46E00FC7FC0 /* Dimens.swift in Sources */ = {isa = PBXBuildFile; fileRef = 2A8C278225CBD46E00FC7FC0 /* Dimens.swift */; };
		2A8C278B25CBD46E00FC7FC0 /* ShelfViewUtils.swift in Sources */ = {isa = PBXBuildFile; fileRef = 2A8C278325CBD46E00FC7FC0 /* ShelfViewUtils.swift */; };
		2A8C278C25CBD46E00FC7FC0 /* ShelfViewDelegate.swift in Sources */ = {isa = PBXBuildFile; fileRef = 2A8C278425CBD46E00FC7FC0 /* ShelfViewDelegate.swift */; };
		2A8C27B625CBD73E00FC7FC0 /* Kingfisher in Frameworks */ = {isa = PBXBuildFile; productRef = 2A8C27B525CBD73E00FC7FC0 /* Kingfisher */; };
		2A8C27B825CBD73E00FC7FC0 /* KingfisherSwiftUI in Frameworks */ = {isa = PBXBuildFile; productRef = 2A8C27B725CBD73E00FC7FC0 /* KingfisherSwiftUI */; };
		2A8C27BC25CBDD0600FC7FC0 /* PlainShelfController.swift in Sources */ = {isa = PBXBuildFile; fileRef = 2A8C27BB25CBDD0600FC7FC0 /* PlainShelfController.swift */; };
		2A8C27C425CBDD7600FC7FC0 /* PlainShelfUI.swift in Sources */ = {isa = PBXBuildFile; fileRef = 2A8C27C325CBDD7600FC7FC0 /* PlainShelfUI.swift */; };
		2AC3EC1C25BDBC10004A6633 /* YetAnotherEBookReaderApp.swift in Sources */ = {isa = PBXBuildFile; fileRef = 2AC3EC1B25BDBC10004A6633 /* YetAnotherEBookReaderApp.swift */; };
		2AC3EC2025BDBC11004A6633 /* Assets.xcassets in Resources */ = {isa = PBXBuildFile; fileRef = 2AC3EC1F25BDBC11004A6633 /* Assets.xcassets */; };
		2AC3EC2325BDBC11004A6633 /* Preview Assets.xcassets in Resources */ = {isa = PBXBuildFile; fileRef = 2AC3EC2225BDBC11004A6633 /* Preview Assets.xcassets */; };
		2AC3EC3325BDBC11004A6633 /* YetAnotherEBookReaderTests.swift in Sources */ = {isa = PBXBuildFile; fileRef = 2AC3EC3225BDBC11004A6633 /* YetAnotherEBookReaderTests.swift */; };
		2AC3EC3E25BDBC11004A6633 /* YetAnotherEBookReaderUITests.swift in Sources */ = {isa = PBXBuildFile; fileRef = 2AC3EC3D25BDBC11004A6633 /* YetAnotherEBookReaderUITests.swift */; };
		2AC3EC4F25BDBDC6004A6633 /* MainView.swift in Sources */ = {isa = PBXBuildFile; fileRef = 2AC3EC4E25BDBDC6004A6633 /* MainView.swift */; };
		2AC3EC5D25BE7A3B004A6633 /* ModelData.swift in Sources */ = {isa = PBXBuildFile; fileRef = 2AC3EC5C25BE7A3B004A6633 /* ModelData.swift */; };
		2AC3EC6325BE7F3B004A6633 /* LibraryInfoView.swift in Sources */ = {isa = PBXBuildFile; fileRef = 2AC3EC6225BE7F3B004A6633 /* LibraryInfoView.swift */; };
		2AC3EC7E25BEBA0D004A6633 /* BookDetailView.swift in Sources */ = {isa = PBXBuildFile; fileRef = 2AC3EC7D25BEBA0D004A6633 /* BookDetailView.swift */; };
		2ADD965025C03650001DE755 /* Realm in Frameworks */ = {isa = PBXBuildFile; productRef = 2ADD964F25C03650001DE755 /* Realm */; };
		2ADD965225C03650001DE755 /* RealmSwift in Frameworks */ = {isa = PBXBuildFile; productRef = 2ADD965125C03650001DE755 /* RealmSwift */; };
		2ADD965825C03706001DE755 /* MenuItemKit in Frameworks */ = {isa = PBXBuildFile; productRef = 2ADD965725C03706001DE755 /* MenuItemKit */; };
		2ADD966025C03799001DE755 /* AEXML in Frameworks */ = {isa = PBXBuildFile; productRef = 2ADD965F25C03799001DE755 /* AEXML */; };
		2ADD966625C037F3001DE755 /* ZipArchive in Frameworks */ = {isa = PBXBuildFile; productRef = 2ADD966525C037F3001DE755 /* ZipArchive */; };
		2ADD966F25C0398A001DE755 /* FontBlaster in Frameworks */ = {isa = PBXBuildFile; productRef = 2ADD966E25C0398A001DE755 /* FontBlaster */; };
		2ADD968B25C03B52001DE755 /* FolioReaderViewController.swift in Sources */ = {isa = PBXBuildFile; fileRef = 2ADD968A25C03B52001DE755 /* FolioReaderViewController.swift */; };
		2ADD969825C03CE7001DE755 /* MyReaderViewController.swift in Sources */ = {isa = PBXBuildFile; fileRef = 2ADD969725C03CE7001DE755 /* MyReaderViewController.swift */; };
		2ADD96A625C04784001DE755 /* BookButtonView.swift in Sources */ = {isa = PBXBuildFile; fileRef = 2ADD96A525C04784001DE755 /* BookButtonView.swift */; };
		2ADD96B425C04882001DE755 /* ReaderView.swift in Sources */ = {isa = PBXBuildFile; fileRef = 2ADD96B325C04882001DE755 /* ReaderView.swift */; };
		2ADDA36425C18232001DE755 /* Book.swift in Sources */ = {isa = PBXBuildFile; fileRef = 2ADDA36325C18232001DE755 /* Book.swift */; };
		2CA704C6D260C9141797622F /* Pods_YetAnotherEBookReaderTests.framework in Frameworks */ = {isa = PBXBuildFile; fileRef = DDEAD2FD192058D3349F9E0B /* Pods_YetAnotherEBookReaderTests.framework */; };
		D521B9968787D816FC60DB33 /* Pods_YetAnotherEBookReader_YetAnotherEBookReaderUITests.framework in Frameworks */ = {isa = PBXBuildFile; fileRef = 7EF92693BF2FF30C39B0F5DC /* Pods_YetAnotherEBookReader_YetAnotherEBookReaderUITests.framework */; };
/* End PBXBuildFile section */

/* Begin PBXContainerItemProxy section */
		2AC3EC2F25BDBC11004A6633 /* PBXContainerItemProxy */ = {
			isa = PBXContainerItemProxy;
			containerPortal = 2AC3EC1025BDBC10004A6633 /* Project object */;
			proxyType = 1;
			remoteGlobalIDString = 2AC3EC1725BDBC10004A6633;
			remoteInfo = YetAnotherEBookReader;
		};
		2AC3EC3A25BDBC11004A6633 /* PBXContainerItemProxy */ = {
			isa = PBXContainerItemProxy;
			containerPortal = 2AC3EC1025BDBC10004A6633 /* Project object */;
			proxyType = 1;
			remoteGlobalIDString = 2AC3EC1725BDBC10004A6633;
			remoteInfo = YetAnotherEBookReader;
		};
/* End PBXContainerItemProxy section */

/* Begin PBXCopyFilesBuildPhase section */
		2A8C27AF25CBD66A00FC7FC0 /* Embed Frameworks */ = {
			isa = PBXCopyFilesBuildPhase;
			buildActionMask = 2147483647;
			dstPath = "";
			dstSubfolderSpec = 10;
			files = (
			);
			name = "Embed Frameworks";
			runOnlyForDeploymentPostprocessing = 0;
		};
/* End PBXCopyFilesBuildPhase section */

/* Begin PBXFileReference section */
		12CE5BE6BF5F7016836A940D /* Pods-YetAnotherEBookReaderTests.debug.xcconfig */ = {isa = PBXFileReference; includeInIndex = 1; lastKnownFileType = text.xcconfig; name = "Pods-YetAnotherEBookReaderTests.debug.xcconfig"; path = "Target Support Files/Pods-YetAnotherEBookReaderTests/Pods-YetAnotherEBookReaderTests.debug.xcconfig"; sourceTree = "<group>"; };
		1D29FC838865E5EC27CF04F7 /* Pods-YetAnotherEBookReader.debug.xcconfig */ = {isa = PBXFileReference; includeInIndex = 1; lastKnownFileType = text.xcconfig; name = "Pods-YetAnotherEBookReader.debug.xcconfig"; path = "Target Support Files/Pods-YetAnotherEBookReader/Pods-YetAnotherEBookReader.debug.xcconfig"; sourceTree = "<group>"; };
		2A07541725F35D4D00A34306 /* EpubReader.swift */ = {isa = PBXFileReference; lastKnownFileType = sourcecode.swift; path = EpubReader.swift; sourceTree = "<group>"; };
		2A07541D25F35FAB00A34306 /* EpubReaderContainer.swift */ = {isa = PBXFileReference; lastKnownFileType = sourcecode.swift; path = EpubReaderContainer.swift; sourceTree = "<group>"; };
		2A1A4BF52616CCED00E95ED5 /* SwiftUI_Ad_Banner.swift .swift */ = {isa = PBXFileReference; lastKnownFileType = sourcecode.swift; path = "SwiftUI_Ad_Banner.swift .swift"; sourceTree = "<group>"; };
		2A1A4BFD2619EBE300E95ED5 /* Utils.swift */ = {isa = PBXFileReference; lastKnownFileType = sourcecode.swift; path = Utils.swift; sourceTree = "<group>"; };
		2A65F38F261358A40064E3D8 /* SectionShelfController.swift */ = {isa = PBXFileReference; fileEncoding = 4; lastKnownFileType = sourcecode.swift; path = SectionShelfController.swift; sourceTree = "<group>"; };
		2A65F39326135BE80064E3D8 /* SectionShelfUI.swift */ = {isa = PBXFileReference; fileEncoding = 4; lastKnownFileType = sourcecode.swift; path = SectionShelfUI.swift; sourceTree = "<group>"; };
		2A65F39B2614A77F0064E3D8 /* ServerView.swift */ = {isa = PBXFileReference; lastKnownFileType = sourcecode.swift; path = ServerView.swift; sourceTree = "<group>"; };
		2A890570260076780072B580 /* PDFOptionView.swift */ = {isa = PBXFileReference; lastKnownFileType = sourcecode.swift; path = PDFOptionView.swift; sourceTree = "<group>"; };
		2A8C26B425C54BC800FC7FC0 /* WebViewUIVC.swift */ = {isa = PBXFileReference; lastKnownFileType = sourcecode.swift; path = WebViewUIVC.swift; sourceTree = "<group>"; };
		2A8C26B925C54C6B00FC7FC0 /* WebViewUI.swift */ = {isa = PBXFileReference; lastKnownFileType = sourcecode.swift; path = WebViewUI.swift; sourceTree = "<group>"; };
		2A8C26C225C589D900FC7FC0 /* PDFViewUI.swift */ = {isa = PBXFileReference; lastKnownFileType = sourcecode.swift; path = PDFViewUI.swift; sourceTree = "<group>"; };
		2A8C26CF25C5A1E000FC7FC0 /* PDFViewController.swift */ = {isa = PBXFileReference; lastKnownFileType = sourcecode.swift; path = PDFViewController.swift; sourceTree = "<group>"; };
		2A8C26D725C5A7D000FC7FC0 /* PDFViewContainer.swift */ = {isa = PBXFileReference; lastKnownFileType = sourcecode.swift; path = PDFViewContainer.swift; sourceTree = "<group>"; };
		2A8C26DF25C9970B00FC7FC0 /* YetAnotherEBookReader.entitlements */ = {isa = PBXFileReference; lastKnownFileType = text.plist.entitlements; path = YetAnotherEBookReader.entitlements; sourceTree = "<group>"; };
		2A8C277D25CBD46D00FC7FC0 /* ShelfViewModel.swift */ = {isa = PBXFileReference; fileEncoding = 4; lastKnownFileType = sourcecode.swift; path = ShelfViewModel.swift; sourceTree = "<group>"; };
		2A8C277E25CBD46D00FC7FC0 /* PlainShelfView.swift */ = {isa = PBXFileReference; fileEncoding = 4; lastKnownFileType = sourcecode.swift; path = PlainShelfView.swift; sourceTree = "<group>"; };
		2A8C277F25CBD46D00FC7FC0 /* ShelfHeaderCellView.swift */ = {isa = PBXFileReference; fileEncoding = 4; lastKnownFileType = sourcecode.swift; path = ShelfHeaderCellView.swift; sourceTree = "<group>"; };
		2A8C278025CBD46D00FC7FC0 /* SectionShelfView.swift */ = {isa = PBXFileReference; fileEncoding = 4; lastKnownFileType = sourcecode.swift; path = SectionShelfView.swift; sourceTree = "<group>"; };
		2A8C278125CBD46E00FC7FC0 /* ShelfCellView.swift */ = {isa = PBXFileReference; fileEncoding = 4; lastKnownFileType = sourcecode.swift; path = ShelfCellView.swift; sourceTree = "<group>"; };
		2A8C278225CBD46E00FC7FC0 /* Dimens.swift */ = {isa = PBXFileReference; fileEncoding = 4; lastKnownFileType = sourcecode.swift; path = Dimens.swift; sourceTree = "<group>"; };
		2A8C278325CBD46E00FC7FC0 /* ShelfViewUtils.swift */ = {isa = PBXFileReference; fileEncoding = 4; lastKnownFileType = sourcecode.swift; path = ShelfViewUtils.swift; sourceTree = "<group>"; };
		2A8C278425CBD46E00FC7FC0 /* ShelfViewDelegate.swift */ = {isa = PBXFileReference; fileEncoding = 4; lastKnownFileType = sourcecode.swift; path = ShelfViewDelegate.swift; sourceTree = "<group>"; };
		2A8C27BB25CBDD0600FC7FC0 /* PlainShelfController.swift */ = {isa = PBXFileReference; fileEncoding = 4; lastKnownFileType = sourcecode.swift; path = PlainShelfController.swift; sourceTree = "<group>"; };
		2A8C27C325CBDD7600FC7FC0 /* PlainShelfUI.swift */ = {isa = PBXFileReference; lastKnownFileType = sourcecode.swift; path = PlainShelfUI.swift; sourceTree = "<group>"; };
		2AC3EC1825BDBC10004A6633 /* YetAnotherEBookReader.app */ = {isa = PBXFileReference; explicitFileType = wrapper.application; includeInIndex = 0; path = YetAnotherEBookReader.app; sourceTree = BUILT_PRODUCTS_DIR; };
		2AC3EC1B25BDBC10004A6633 /* YetAnotherEBookReaderApp.swift */ = {isa = PBXFileReference; lastKnownFileType = sourcecode.swift; path = YetAnotherEBookReaderApp.swift; sourceTree = "<group>"; };
		2AC3EC1F25BDBC11004A6633 /* Assets.xcassets */ = {isa = PBXFileReference; lastKnownFileType = folder.assetcatalog; path = Assets.xcassets; sourceTree = "<group>"; };
		2AC3EC2225BDBC11004A6633 /* Preview Assets.xcassets */ = {isa = PBXFileReference; lastKnownFileType = folder.assetcatalog; path = "Preview Assets.xcassets"; sourceTree = "<group>"; };
		2AC3EC2925BDBC11004A6633 /* Info.plist */ = {isa = PBXFileReference; lastKnownFileType = text.plist.xml; path = Info.plist; sourceTree = "<group>"; };
		2AC3EC2E25BDBC11004A6633 /* YetAnotherEBookReaderTests.xctest */ = {isa = PBXFileReference; explicitFileType = wrapper.cfbundle; includeInIndex = 0; path = YetAnotherEBookReaderTests.xctest; sourceTree = BUILT_PRODUCTS_DIR; };
		2AC3EC3225BDBC11004A6633 /* YetAnotherEBookReaderTests.swift */ = {isa = PBXFileReference; lastKnownFileType = sourcecode.swift; path = YetAnotherEBookReaderTests.swift; sourceTree = "<group>"; };
		2AC3EC3425BDBC11004A6633 /* Info.plist */ = {isa = PBXFileReference; lastKnownFileType = text.plist.xml; path = Info.plist; sourceTree = "<group>"; };
		2AC3EC3925BDBC11004A6633 /* YetAnotherEBookReaderUITests.xctest */ = {isa = PBXFileReference; explicitFileType = wrapper.cfbundle; includeInIndex = 0; path = YetAnotherEBookReaderUITests.xctest; sourceTree = BUILT_PRODUCTS_DIR; };
		2AC3EC3D25BDBC11004A6633 /* YetAnotherEBookReaderUITests.swift */ = {isa = PBXFileReference; lastKnownFileType = sourcecode.swift; path = YetAnotherEBookReaderUITests.swift; sourceTree = "<group>"; };
		2AC3EC3F25BDBC11004A6633 /* Info.plist */ = {isa = PBXFileReference; lastKnownFileType = text.plist.xml; path = Info.plist; sourceTree = "<group>"; };
		2AC3EC4E25BDBDC6004A6633 /* MainView.swift */ = {isa = PBXFileReference; lastKnownFileType = sourcecode.swift; path = MainView.swift; sourceTree = "<group>"; };
		2AC3EC5C25BE7A3B004A6633 /* ModelData.swift */ = {isa = PBXFileReference; lastKnownFileType = sourcecode.swift; path = ModelData.swift; sourceTree = "<group>"; };
		2AC3EC6225BE7F3B004A6633 /* LibraryInfoView.swift */ = {isa = PBXFileReference; lastKnownFileType = sourcecode.swift; path = LibraryInfoView.swift; sourceTree = "<group>"; };
		2AC3EC7D25BEBA0D004A6633 /* BookDetailView.swift */ = {isa = PBXFileReference; lastKnownFileType = sourcecode.swift; path = BookDetailView.swift; sourceTree = "<group>"; };
		2ADD968A25C03B52001DE755 /* FolioReaderViewController.swift */ = {isa = PBXFileReference; fileEncoding = 4; lastKnownFileType = sourcecode.swift; path = FolioReaderViewController.swift; sourceTree = "<group>"; };
		2ADD969725C03CE7001DE755 /* MyReaderViewController.swift */ = {isa = PBXFileReference; lastKnownFileType = sourcecode.swift; path = MyReaderViewController.swift; sourceTree = "<group>"; };
		2ADD96A525C04784001DE755 /* BookButtonView.swift */ = {isa = PBXFileReference; lastKnownFileType = sourcecode.swift; path = BookButtonView.swift; sourceTree = "<group>"; };
		2ADD96B325C04882001DE755 /* ReaderView.swift */ = {isa = PBXFileReference; lastKnownFileType = sourcecode.swift; path = ReaderView.swift; sourceTree = "<group>"; };
		2ADDA36325C18232001DE755 /* Book.swift */ = {isa = PBXFileReference; lastKnownFileType = sourcecode.swift; path = Book.swift; sourceTree = "<group>"; };
		7EF92693BF2FF30C39B0F5DC /* Pods_YetAnotherEBookReader_YetAnotherEBookReaderUITests.framework */ = {isa = PBXFileReference; explicitFileType = wrapper.framework; includeInIndex = 0; path = Pods_YetAnotherEBookReader_YetAnotherEBookReaderUITests.framework; sourceTree = BUILT_PRODUCTS_DIR; };
		8A9D0D8D419628A653DDFCA2 /* Pods-YetAnotherEBookReaderTests.release.xcconfig */ = {isa = PBXFileReference; includeInIndex = 1; lastKnownFileType = text.xcconfig; name = "Pods-YetAnotherEBookReaderTests.release.xcconfig"; path = "Target Support Files/Pods-YetAnotherEBookReaderTests/Pods-YetAnotherEBookReaderTests.release.xcconfig"; sourceTree = "<group>"; };
		8EB4E63C76187F34FEF1A091 /* Pods-YetAnotherEBookReader-YetAnotherEBookReaderUITests.release.xcconfig */ = {isa = PBXFileReference; includeInIndex = 1; lastKnownFileType = text.xcconfig; name = "Pods-YetAnotherEBookReader-YetAnotherEBookReaderUITests.release.xcconfig"; path = "Target Support Files/Pods-YetAnotherEBookReader-YetAnotherEBookReaderUITests/Pods-YetAnotherEBookReader-YetAnotherEBookReaderUITests.release.xcconfig"; sourceTree = "<group>"; };
		9DBFE4F8A54EF68CCFBD3F89 /* Pods-YetAnotherEBookReader-YetAnotherEBookReaderUITests.debug.xcconfig */ = {isa = PBXFileReference; includeInIndex = 1; lastKnownFileType = text.xcconfig; name = "Pods-YetAnotherEBookReader-YetAnotherEBookReaderUITests.debug.xcconfig"; path = "Target Support Files/Pods-YetAnotherEBookReader-YetAnotherEBookReaderUITests/Pods-YetAnotherEBookReader-YetAnotherEBookReaderUITests.debug.xcconfig"; sourceTree = "<group>"; };
		CE3B1E3098F4803E5377F278 /* Pods-YetAnotherEBookReader.release.xcconfig */ = {isa = PBXFileReference; includeInIndex = 1; lastKnownFileType = text.xcconfig; name = "Pods-YetAnotherEBookReader.release.xcconfig"; path = "Target Support Files/Pods-YetAnotherEBookReader/Pods-YetAnotherEBookReader.release.xcconfig"; sourceTree = "<group>"; };
		DAAD088B00B456E9B7569E42 /* Pods_YetAnotherEBookReader.framework */ = {isa = PBXFileReference; explicitFileType = wrapper.framework; includeInIndex = 0; path = Pods_YetAnotherEBookReader.framework; sourceTree = BUILT_PRODUCTS_DIR; };
		DDEAD2FD192058D3349F9E0B /* Pods_YetAnotherEBookReaderTests.framework */ = {isa = PBXFileReference; explicitFileType = wrapper.framework; includeInIndex = 0; path = Pods_YetAnotherEBookReaderTests.framework; sourceTree = BUILT_PRODUCTS_DIR; };
/* End PBXFileReference section */

/* Begin PBXFrameworksBuildPhase section */
		2AC3EC1525BDBC10004A6633 /* Frameworks */ = {
			isa = PBXFrameworksBuildPhase;
			buildActionMask = 2147483647;
			files = (
				2ADD966625C037F3001DE755 /* ZipArchive in Frameworks */,
				2ADD966025C03799001DE755 /* AEXML in Frameworks */,
				2A8C27B625CBD73E00FC7FC0 /* Kingfisher in Frameworks */,
				2ADD965225C03650001DE755 /* RealmSwift in Frameworks */,
				2ADD965825C03706001DE755 /* MenuItemKit in Frameworks */,
				2ADD965025C03650001DE755 /* Realm in Frameworks */,
				2A762221261C07C50067EFD8 /* FolioReaderKit in Frameworks */,
				2A8C27B825CBD73E00FC7FC0 /* KingfisherSwiftUI in Frameworks */,
				2ADD966F25C0398A001DE755 /* FontBlaster in Frameworks */,
				17C3957C8FAD6C8F240E2079 /* Pods_YetAnotherEBookReader.framework in Frameworks */,
			);
			runOnlyForDeploymentPostprocessing = 0;
		};
		2AC3EC2B25BDBC11004A6633 /* Frameworks */ = {
			isa = PBXFrameworksBuildPhase;
			buildActionMask = 2147483647;
			files = (
				2CA704C6D260C9141797622F /* Pods_YetAnotherEBookReaderTests.framework in Frameworks */,
			);
			runOnlyForDeploymentPostprocessing = 0;
		};
		2AC3EC3625BDBC11004A6633 /* Frameworks */ = {
			isa = PBXFrameworksBuildPhase;
			buildActionMask = 2147483647;
			files = (
				D521B9968787D816FC60DB33 /* Pods_YetAnotherEBookReader_YetAnotherEBookReaderUITests.framework in Frameworks */,
			);
			runOnlyForDeploymentPostprocessing = 0;
		};
/* End PBXFrameworksBuildPhase section */

/* Begin PBXGroup section */
		2A1A4BF42616CCD900E95ED5 /* ADViews */ = {
			isa = PBXGroup;
			children = (
				2A1A4BF52616CCED00E95ED5 /* SwiftUI_Ad_Banner.swift .swift */,
			);
			path = ADViews;
			sourceTree = "<group>";
		};
		2A8C26B325C54BA700FC7FC0 /* WebView */ = {
			isa = PBXGroup;
			children = (
				2A8C26B425C54BC800FC7FC0 /* WebViewUIVC.swift */,
				2A8C26B925C54C6B00FC7FC0 /* WebViewUI.swift */,
			);
			path = WebView;
			sourceTree = "<group>";
		};
		2A8C26BE25C5570E00FC7FC0 /* PDFView */ = {
			isa = PBXGroup;
			children = (
				2A8C26C225C589D900FC7FC0 /* PDFViewUI.swift */,
				2A8C26CF25C5A1E000FC7FC0 /* PDFViewController.swift */,
				2A8C26D725C5A7D000FC7FC0 /* PDFViewContainer.swift */,
				2A890570260076780072B580 /* PDFOptionView.swift */,
			);
			path = PDFView;
			sourceTree = "<group>";
		};
		2A8C277C25CBD45400FC7FC0 /* ShelfView */ = {
			isa = PBXGroup;
			children = (
				2A8C27BB25CBDD0600FC7FC0 /* PlainShelfController.swift */,
				2A65F38F261358A40064E3D8 /* SectionShelfController.swift */,
				2A8C278225CBD46E00FC7FC0 /* Dimens.swift */,
				2A8C277E25CBD46D00FC7FC0 /* PlainShelfView.swift */,
				2A8C278025CBD46D00FC7FC0 /* SectionShelfView.swift */,
				2A8C278125CBD46E00FC7FC0 /* ShelfCellView.swift */,
				2A8C277F25CBD46D00FC7FC0 /* ShelfHeaderCellView.swift */,
				2A8C278425CBD46E00FC7FC0 /* ShelfViewDelegate.swift */,
				2A8C277D25CBD46D00FC7FC0 /* ShelfViewModel.swift */,
				2A8C278325CBD46E00FC7FC0 /* ShelfViewUtils.swift */,
				2A8C27C325CBDD7600FC7FC0 /* PlainShelfUI.swift */,
				2A65F39326135BE80064E3D8 /* SectionShelfUI.swift */,
			);
			path = ShelfView;
			sourceTree = "<group>";
		};
		2AC3EC0F25BDBC10004A6633 = {
			isa = PBXGroup;
			children = (
				2AC3EC1A25BDBC10004A6633 /* YetAnotherEBookReader */,
				2AC3EC3125BDBC11004A6633 /* YetAnotherEBookReaderTests */,
				2AC3EC3C25BDBC11004A6633 /* YetAnotherEBookReaderUITests */,
				2AC3EC1925BDBC10004A6633 /* Products */,
				83696F999EA7AD0B24084BCE /* Pods */,
				8AF6E969197F21B99627BB3C /* Frameworks */,
			);
			sourceTree = "<group>";
		};
		2AC3EC1925BDBC10004A6633 /* Products */ = {
			isa = PBXGroup;
			children = (
				2AC3EC1825BDBC10004A6633 /* YetAnotherEBookReader.app */,
				2AC3EC2E25BDBC11004A6633 /* YetAnotherEBookReaderTests.xctest */,
				2AC3EC3925BDBC11004A6633 /* YetAnotherEBookReaderUITests.xctest */,
			);
			name = Products;
			sourceTree = "<group>";
		};
		2AC3EC1A25BDBC10004A6633 /* YetAnotherEBookReader */ = {
			isa = PBXGroup;
			children = (
				2A1A4BF42616CCD900E95ED5 /* ADViews */,
				2AC3EC5325BE7486004A6633 /* Models */,
				2AC3EC6125BE7F2B004A6633 /* Views */,
				2A8C277C25CBD45400FC7FC0 /* ShelfView */,
				2A8C26DF25C9970B00FC7FC0 /* YetAnotherEBookReader.entitlements */,
				2A8C26BE25C5570E00FC7FC0 /* PDFView */,
				2A8C26B325C54BA700FC7FC0 /* WebView */,
				2ADD968525C03AB7001DE755 /* ViewController */,
				2AC3EC1B25BDBC10004A6633 /* YetAnotherEBookReaderApp.swift */,
				2AC3EC1F25BDBC11004A6633 /* Assets.xcassets */,
				2AC3EC2925BDBC11004A6633 /* Info.plist */,
				2AC3EC2125BDBC11004A6633 /* Preview Content */,
			);
			path = YetAnotherEBookReader;
			sourceTree = "<group>";
		};
		2AC3EC2125BDBC11004A6633 /* Preview Content */ = {
			isa = PBXGroup;
			children = (
				2AC3EC2225BDBC11004A6633 /* Preview Assets.xcassets */,
			);
			path = "Preview Content";
			sourceTree = "<group>";
		};
		2AC3EC3125BDBC11004A6633 /* YetAnotherEBookReaderTests */ = {
			isa = PBXGroup;
			children = (
				2AC3EC3225BDBC11004A6633 /* YetAnotherEBookReaderTests.swift */,
				2AC3EC3425BDBC11004A6633 /* Info.plist */,
			);
			path = YetAnotherEBookReaderTests;
			sourceTree = "<group>";
		};
		2AC3EC3C25BDBC11004A6633 /* YetAnotherEBookReaderUITests */ = {
			isa = PBXGroup;
			children = (
				2AC3EC3D25BDBC11004A6633 /* YetAnotherEBookReaderUITests.swift */,
				2AC3EC3F25BDBC11004A6633 /* Info.plist */,
			);
			path = YetAnotherEBookReaderUITests;
			sourceTree = "<group>";
		};
		2AC3EC5325BE7486004A6633 /* Models */ = {
			isa = PBXGroup;
			children = (
				2AC3EC5C25BE7A3B004A6633 /* ModelData.swift */,
				2ADDA36325C18232001DE755 /* Book.swift */,
				2A1A4BFD2619EBE300E95ED5 /* Utils.swift */,
			);
			path = Models;
			sourceTree = "<group>";
		};
		2AC3EC6125BE7F2B004A6633 /* Views */ = {
			isa = PBXGroup;
			children = (
				2AC3EC6225BE7F3B004A6633 /* LibraryInfoView.swift */,
				2AC3EC4E25BDBDC6004A6633 /* MainView.swift */,
				2AC3EC7D25BEBA0D004A6633 /* BookDetailView.swift */,
				2A07541725F35D4D00A34306 /* EpubReader.swift */,
				2A07541D25F35FAB00A34306 /* EpubReaderContainer.swift */,
				2A65F39B2614A77F0064E3D8 /* ServerView.swift */,
			);
			path = Views;
			sourceTree = "<group>";
		};
		2ADD968525C03AB7001DE755 /* ViewController */ = {
			isa = PBXGroup;
			children = (
				2ADD968A25C03B52001DE755 /* FolioReaderViewController.swift */,
				2ADD969725C03CE7001DE755 /* MyReaderViewController.swift */,
				2ADD96A525C04784001DE755 /* BookButtonView.swift */,
				2ADD96B325C04882001DE755 /* ReaderView.swift */,
			);
			path = ViewController;
			sourceTree = "<group>";
		};
		83696F999EA7AD0B24084BCE /* Pods */ = {
			isa = PBXGroup;
			children = (
				1D29FC838865E5EC27CF04F7 /* Pods-YetAnotherEBookReader.debug.xcconfig */,
				CE3B1E3098F4803E5377F278 /* Pods-YetAnotherEBookReader.release.xcconfig */,
				9DBFE4F8A54EF68CCFBD3F89 /* Pods-YetAnotherEBookReader-YetAnotherEBookReaderUITests.debug.xcconfig */,
				8EB4E63C76187F34FEF1A091 /* Pods-YetAnotherEBookReader-YetAnotherEBookReaderUITests.release.xcconfig */,
				12CE5BE6BF5F7016836A940D /* Pods-YetAnotherEBookReaderTests.debug.xcconfig */,
				8A9D0D8D419628A653DDFCA2 /* Pods-YetAnotherEBookReaderTests.release.xcconfig */,
			);
			path = Pods;
			sourceTree = "<group>";
		};
		8AF6E969197F21B99627BB3C /* Frameworks */ = {
			isa = PBXGroup;
			children = (
				DAAD088B00B456E9B7569E42 /* Pods_YetAnotherEBookReader.framework */,
				7EF92693BF2FF30C39B0F5DC /* Pods_YetAnotherEBookReader_YetAnotherEBookReaderUITests.framework */,
				DDEAD2FD192058D3349F9E0B /* Pods_YetAnotherEBookReaderTests.framework */,
			);
			name = Frameworks;
			sourceTree = "<group>";
		};
/* End PBXGroup section */

/* Begin PBXNativeTarget section */
		2AC3EC1725BDBC10004A6633 /* YetAnotherEBookReader */ = {
			isa = PBXNativeTarget;
			buildConfigurationList = 2AC3EC4225BDBC11004A6633 /* Build configuration list for PBXNativeTarget "YetAnotherEBookReader" */;
			buildPhases = (
				273F1656481A1F89C8EEE058 /* [CP] Check Pods Manifest.lock */,
				2AC3EC1425BDBC10004A6633 /* Sources */,
				2AC3EC1525BDBC10004A6633 /* Frameworks */,
				2AC3EC1625BDBC10004A6633 /* Resources */,
				2A8C27AF25CBD66A00FC7FC0 /* Embed Frameworks */,
				0DF34844153686FD9F7A44F0 /* [CP] Embed Pods Frameworks */,
			);
			buildRules = (
			);
			dependencies = (
			);
			name = YetAnotherEBookReader;
			packageProductDependencies = (
				2ADD964F25C03650001DE755 /* Realm */,
				2ADD965125C03650001DE755 /* RealmSwift */,
				2ADD965725C03706001DE755 /* MenuItemKit */,
				2ADD965F25C03799001DE755 /* AEXML */,
				2ADD966525C037F3001DE755 /* ZipArchive */,
				2ADD966E25C0398A001DE755 /* FontBlaster */,
				2A8C27B525CBD73E00FC7FC0 /* Kingfisher */,
				2A8C27B725CBD73E00FC7FC0 /* KingfisherSwiftUI */,
				2A762220261C07C50067EFD8 /* FolioReaderKit */,
			);
			productName = YetAnotherEBookReader;
			productReference = 2AC3EC1825BDBC10004A6633 /* YetAnotherEBookReader.app */;
			productType = "com.apple.product-type.application";
		};
		2AC3EC2D25BDBC11004A6633 /* YetAnotherEBookReaderTests */ = {
			isa = PBXNativeTarget;
			buildConfigurationList = 2AC3EC4525BDBC11004A6633 /* Build configuration list for PBXNativeTarget "YetAnotherEBookReaderTests" */;
			buildPhases = (
				F6774A231CA87F2781BD69ED /* [CP] Check Pods Manifest.lock */,
				2AC3EC2A25BDBC11004A6633 /* Sources */,
				2AC3EC2B25BDBC11004A6633 /* Frameworks */,
				2AC3EC2C25BDBC11004A6633 /* Resources */,
			);
			buildRules = (
			);
			dependencies = (
				2AC3EC3025BDBC11004A6633 /* PBXTargetDependency */,
			);
			name = YetAnotherEBookReaderTests;
			productName = YetAnotherEBookReaderTests;
			productReference = 2AC3EC2E25BDBC11004A6633 /* YetAnotherEBookReaderTests.xctest */;
			productType = "com.apple.product-type.bundle.unit-test";
		};
		2AC3EC3825BDBC11004A6633 /* YetAnotherEBookReaderUITests */ = {
			isa = PBXNativeTarget;
			buildConfigurationList = 2AC3EC4825BDBC11004A6633 /* Build configuration list for PBXNativeTarget "YetAnotherEBookReaderUITests" */;
			buildPhases = (
				0AFC43350327883AB355120E /* [CP] Check Pods Manifest.lock */,
				2AC3EC3525BDBC11004A6633 /* Sources */,
				2AC3EC3625BDBC11004A6633 /* Frameworks */,
				2AC3EC3725BDBC11004A6633 /* Resources */,
				F895A2C43CE31F65CACC6079 /* [CP] Embed Pods Frameworks */,
			);
			buildRules = (
			);
			dependencies = (
				2AC3EC3B25BDBC11004A6633 /* PBXTargetDependency */,
			);
			name = YetAnotherEBookReaderUITests;
			productName = YetAnotherEBookReaderUITests;
			productReference = 2AC3EC3925BDBC11004A6633 /* YetAnotherEBookReaderUITests.xctest */;
			productType = "com.apple.product-type.bundle.ui-testing";
		};
/* End PBXNativeTarget section */

/* Begin PBXProject section */
		2AC3EC1025BDBC10004A6633 /* Project object */ = {
			isa = PBXProject;
			attributes = {
				LastSwiftUpdateCheck = 1230;
				LastUpgradeCheck = 1230;
				TargetAttributes = {
					2AC3EC1725BDBC10004A6633 = {
						CreatedOnToolsVersion = 12.3;
						LastSwiftMigration = 1230;
					};
					2AC3EC2D25BDBC11004A6633 = {
						CreatedOnToolsVersion = 12.3;
						TestTargetID = 2AC3EC1725BDBC10004A6633;
					};
					2AC3EC3825BDBC11004A6633 = {
						CreatedOnToolsVersion = 12.3;
						TestTargetID = 2AC3EC1725BDBC10004A6633;
					};
				};
			};
			buildConfigurationList = 2AC3EC1325BDBC10004A6633 /* Build configuration list for PBXProject "YetAnotherEBookReader" */;
			compatibilityVersion = "Xcode 9.3";
			developmentRegion = en;
			hasScannedForEncodings = 0;
			knownRegions = (
				en,
				Base,
			);
			mainGroup = 2AC3EC0F25BDBC10004A6633;
			packageReferences = (
				2ADD964E25C03650001DE755 /* XCRemoteSwiftPackageReference "realm-cocoa" */,
				2ADD965625C03706001DE755 /* XCRemoteSwiftPackageReference "MenuItemKit" */,
				2ADD965E25C03799001DE755 /* XCRemoteSwiftPackageReference "AEXML" */,
				2ADD966425C037F3001DE755 /* XCRemoteSwiftPackageReference "ZipArchive" */,
				2ADD966D25C0398A001DE755 /* XCRemoteSwiftPackageReference "FontBlaster" */,
				2A8C27B425CBD73E00FC7FC0 /* XCRemoteSwiftPackageReference "Kingfisher" */,
				2A76221F261C07C50067EFD8 /* XCRemoteSwiftPackageReference "FolioReaderKit" */,
			);
			productRefGroup = 2AC3EC1925BDBC10004A6633 /* Products */;
			projectDirPath = "";
			projectRoot = "";
			targets = (
				2AC3EC1725BDBC10004A6633 /* YetAnotherEBookReader */,
				2AC3EC2D25BDBC11004A6633 /* YetAnotherEBookReaderTests */,
				2AC3EC3825BDBC11004A6633 /* YetAnotherEBookReaderUITests */,
			);
		};
/* End PBXProject section */

/* Begin PBXResourcesBuildPhase section */
		2AC3EC1625BDBC10004A6633 /* Resources */ = {
			isa = PBXResourcesBuildPhase;
			buildActionMask = 2147483647;
			files = (
				2AC3EC2325BDBC11004A6633 /* Preview Assets.xcassets in Resources */,
				2AC3EC2025BDBC11004A6633 /* Assets.xcassets in Resources */,
			);
			runOnlyForDeploymentPostprocessing = 0;
		};
		2AC3EC2C25BDBC11004A6633 /* Resources */ = {
			isa = PBXResourcesBuildPhase;
			buildActionMask = 2147483647;
			files = (
			);
			runOnlyForDeploymentPostprocessing = 0;
		};
		2AC3EC3725BDBC11004A6633 /* Resources */ = {
			isa = PBXResourcesBuildPhase;
			buildActionMask = 2147483647;
			files = (
			);
			runOnlyForDeploymentPostprocessing = 0;
		};
/* End PBXResourcesBuildPhase section */

/* Begin PBXShellScriptBuildPhase section */
		0AFC43350327883AB355120E /* [CP] Check Pods Manifest.lock */ = {
			isa = PBXShellScriptBuildPhase;
			buildActionMask = 2147483647;
			files = (
			);
			inputFileListPaths = (
			);
			inputPaths = (
				"${PODS_PODFILE_DIR_PATH}/Podfile.lock",
				"${PODS_ROOT}/Manifest.lock",
			);
			name = "[CP] Check Pods Manifest.lock";
			outputFileListPaths = (
			);
			outputPaths = (
				"$(DERIVED_FILE_DIR)/Pods-YetAnotherEBookReader-YetAnotherEBookReaderUITests-checkManifestLockResult.txt",
			);
			runOnlyForDeploymentPostprocessing = 0;
			shellPath = /bin/sh;
			shellScript = "diff \"${PODS_PODFILE_DIR_PATH}/Podfile.lock\" \"${PODS_ROOT}/Manifest.lock\" > /dev/null\nif [ $? != 0 ] ; then\n    # print error to STDERR\n    echo \"error: The sandbox is not in sync with the Podfile.lock. Run 'pod install' or update your CocoaPods installation.\" >&2\n    exit 1\nfi\n# This output is used by Xcode 'outputs' to avoid re-running this script phase.\necho \"SUCCESS\" > \"${SCRIPT_OUTPUT_FILE_0}\"\n";
			showEnvVarsInLog = 0;
		};
		0DF34844153686FD9F7A44F0 /* [CP] Embed Pods Frameworks */ = {
			isa = PBXShellScriptBuildPhase;
			buildActionMask = 2147483647;
			files = (
			);
			inputFileListPaths = (
				"${PODS_ROOT}/Target Support Files/Pods-YetAnotherEBookReader/Pods-YetAnotherEBookReader-frameworks-${CONFIGURATION}-input-files.xcfilelist",
			);
			name = "[CP] Embed Pods Frameworks";
			outputFileListPaths = (
				"${PODS_ROOT}/Target Support Files/Pods-YetAnotherEBookReader/Pods-YetAnotherEBookReader-frameworks-${CONFIGURATION}-output-files.xcfilelist",
			);
			runOnlyForDeploymentPostprocessing = 0;
			shellPath = /bin/sh;
			shellScript = "\"${PODS_ROOT}/Target Support Files/Pods-YetAnotherEBookReader/Pods-YetAnotherEBookReader-frameworks.sh\"\n";
			showEnvVarsInLog = 0;
		};
		273F1656481A1F89C8EEE058 /* [CP] Check Pods Manifest.lock */ = {
			isa = PBXShellScriptBuildPhase;
			buildActionMask = 2147483647;
			files = (
			);
			inputFileListPaths = (
			);
			inputPaths = (
				"${PODS_PODFILE_DIR_PATH}/Podfile.lock",
				"${PODS_ROOT}/Manifest.lock",
			);
			name = "[CP] Check Pods Manifest.lock";
			outputFileListPaths = (
			);
			outputPaths = (
				"$(DERIVED_FILE_DIR)/Pods-YetAnotherEBookReader-checkManifestLockResult.txt",
			);
			runOnlyForDeploymentPostprocessing = 0;
			shellPath = /bin/sh;
			shellScript = "diff \"${PODS_PODFILE_DIR_PATH}/Podfile.lock\" \"${PODS_ROOT}/Manifest.lock\" > /dev/null\nif [ $? != 0 ] ; then\n    # print error to STDERR\n    echo \"error: The sandbox is not in sync with the Podfile.lock. Run 'pod install' or update your CocoaPods installation.\" >&2\n    exit 1\nfi\n# This output is used by Xcode 'outputs' to avoid re-running this script phase.\necho \"SUCCESS\" > \"${SCRIPT_OUTPUT_FILE_0}\"\n";
			showEnvVarsInLog = 0;
		};
		F6774A231CA87F2781BD69ED /* [CP] Check Pods Manifest.lock */ = {
			isa = PBXShellScriptBuildPhase;
			buildActionMask = 2147483647;
			files = (
			);
			inputFileListPaths = (
			);
			inputPaths = (
				"${PODS_PODFILE_DIR_PATH}/Podfile.lock",
				"${PODS_ROOT}/Manifest.lock",
			);
			name = "[CP] Check Pods Manifest.lock";
			outputFileListPaths = (
			);
			outputPaths = (
				"$(DERIVED_FILE_DIR)/Pods-YetAnotherEBookReaderTests-checkManifestLockResult.txt",
			);
			runOnlyForDeploymentPostprocessing = 0;
			shellPath = /bin/sh;
			shellScript = "diff \"${PODS_PODFILE_DIR_PATH}/Podfile.lock\" \"${PODS_ROOT}/Manifest.lock\" > /dev/null\nif [ $? != 0 ] ; then\n    # print error to STDERR\n    echo \"error: The sandbox is not in sync with the Podfile.lock. Run 'pod install' or update your CocoaPods installation.\" >&2\n    exit 1\nfi\n# This output is used by Xcode 'outputs' to avoid re-running this script phase.\necho \"SUCCESS\" > \"${SCRIPT_OUTPUT_FILE_0}\"\n";
			showEnvVarsInLog = 0;
		};
		F895A2C43CE31F65CACC6079 /* [CP] Embed Pods Frameworks */ = {
			isa = PBXShellScriptBuildPhase;
			buildActionMask = 2147483647;
			files = (
			);
			inputFileListPaths = (
				"${PODS_ROOT}/Target Support Files/Pods-YetAnotherEBookReader-YetAnotherEBookReaderUITests/Pods-YetAnotherEBookReader-YetAnotherEBookReaderUITests-frameworks-${CONFIGURATION}-input-files.xcfilelist",
			);
			name = "[CP] Embed Pods Frameworks";
			outputFileListPaths = (
				"${PODS_ROOT}/Target Support Files/Pods-YetAnotherEBookReader-YetAnotherEBookReaderUITests/Pods-YetAnotherEBookReader-YetAnotherEBookReaderUITests-frameworks-${CONFIGURATION}-output-files.xcfilelist",
			);
			runOnlyForDeploymentPostprocessing = 0;
			shellPath = /bin/sh;
			shellScript = "\"${PODS_ROOT}/Target Support Files/Pods-YetAnotherEBookReader-YetAnotherEBookReaderUITests/Pods-YetAnotherEBookReader-YetAnotherEBookReaderUITests-frameworks.sh\"\n";
			showEnvVarsInLog = 0;
		};
/* End PBXShellScriptBuildPhase section */

/* Begin PBXSourcesBuildPhase section */
		2AC3EC1425BDBC10004A6633 /* Sources */ = {
			isa = PBXSourcesBuildPhase;
			buildActionMask = 2147483647;
			files = (
				2A1A4BF62616CCED00E95ED5 /* SwiftUI_Ad_Banner.swift .swift in Sources */,
				2A8C278625CBD46E00FC7FC0 /* PlainShelfView.swift in Sources */,
				2A65F39426135BE80064E3D8 /* SectionShelfUI.swift in Sources */,
				2A07541825F35D4D00A34306 /* EpubReader.swift in Sources */,
				2A8C26B525C54BC800FC7FC0 /* WebViewUIVC.swift in Sources */,
				2A1A4BFE2619EBE300E95ED5 /* Utils.swift in Sources */,
				2A8C278825CBD46E00FC7FC0 /* SectionShelfView.swift in Sources */,
				2A8C278525CBD46E00FC7FC0 /* ShelfViewModel.swift in Sources */,
				2A8C278725CBD46E00FC7FC0 /* ShelfHeaderCellView.swift in Sources */,
				2A8C26D025C5A1E100FC7FC0 /* PDFViewController.swift in Sources */,
				2A8C278A25CBD46E00FC7FC0 /* Dimens.swift in Sources */,
				2AC3EC6325BE7F3B004A6633 /* LibraryInfoView.swift in Sources */,
				2A65F390261358A40064E3D8 /* SectionShelfController.swift in Sources */,
				2A8C278C25CBD46E00FC7FC0 /* ShelfViewDelegate.swift in Sources */,
				2ADD968B25C03B52001DE755 /* FolioReaderViewController.swift in Sources */,
				2ADD96A625C04784001DE755 /* BookButtonView.swift in Sources */,
				2ADD96B425C04882001DE755 /* ReaderView.swift in Sources */,
				2A8C27C425CBDD7600FC7FC0 /* PlainShelfUI.swift in Sources */,
				2ADDA36425C18232001DE755 /* Book.swift in Sources */,
				2AC3EC4F25BDBDC6004A6633 /* MainView.swift in Sources */,
				2A8C26C325C589D900FC7FC0 /* PDFViewUI.swift in Sources */,
				2AC3EC1C25BDBC10004A6633 /* YetAnotherEBookReaderApp.swift in Sources */,
				2ADD969825C03CE7001DE755 /* MyReaderViewController.swift in Sources */,
				2A890571260076780072B580 /* PDFOptionView.swift in Sources */,
				2AC3EC5D25BE7A3B004A6633 /* ModelData.swift in Sources */,
				2A8C27BC25CBDD0600FC7FC0 /* PlainShelfController.swift in Sources */,
				2A8C26BA25C54C6B00FC7FC0 /* WebViewUI.swift in Sources */,
				2A8C278B25CBD46E00FC7FC0 /* ShelfViewUtils.swift in Sources */,
				2AC3EC7E25BEBA0D004A6633 /* BookDetailView.swift in Sources */,
				2A65F39C2614A77F0064E3D8 /* ServerView.swift in Sources */,
				2A8C26D825C5A7D000FC7FC0 /* PDFViewContainer.swift in Sources */,
				2A07541E25F35FAB00A34306 /* EpubReaderContainer.swift in Sources */,
				2A8C278925CBD46E00FC7FC0 /* ShelfCellView.swift in Sources */,
			);
			runOnlyForDeploymentPostprocessing = 0;
		};
		2AC3EC2A25BDBC11004A6633 /* Sources */ = {
			isa = PBXSourcesBuildPhase;
			buildActionMask = 2147483647;
			files = (
				2AC3EC3325BDBC11004A6633 /* YetAnotherEBookReaderTests.swift in Sources */,
			);
			runOnlyForDeploymentPostprocessing = 0;
		};
		2AC3EC3525BDBC11004A6633 /* Sources */ = {
			isa = PBXSourcesBuildPhase;
			buildActionMask = 2147483647;
			files = (
				2AC3EC3E25BDBC11004A6633 /* YetAnotherEBookReaderUITests.swift in Sources */,
			);
			runOnlyForDeploymentPostprocessing = 0;
		};
/* End PBXSourcesBuildPhase section */

/* Begin PBXTargetDependency section */
		2AC3EC3025BDBC11004A6633 /* PBXTargetDependency */ = {
			isa = PBXTargetDependency;
			target = 2AC3EC1725BDBC10004A6633 /* YetAnotherEBookReader */;
			targetProxy = 2AC3EC2F25BDBC11004A6633 /* PBXContainerItemProxy */;
		};
		2AC3EC3B25BDBC11004A6633 /* PBXTargetDependency */ = {
			isa = PBXTargetDependency;
			target = 2AC3EC1725BDBC10004A6633 /* YetAnotherEBookReader */;
			targetProxy = 2AC3EC3A25BDBC11004A6633 /* PBXContainerItemProxy */;
		};
/* End PBXTargetDependency section */

/* Begin XCBuildConfiguration section */
		2AC3EC4025BDBC11004A6633 /* Debug */ = {
			isa = XCBuildConfiguration;
			buildSettings = {
				ALWAYS_SEARCH_USER_PATHS = NO;
				CLANG_ANALYZER_NONNULL = YES;
				CLANG_ANALYZER_NUMBER_OBJECT_CONVERSION = YES_AGGRESSIVE;
				CLANG_CXX_LANGUAGE_STANDARD = "gnu++14";
				CLANG_CXX_LIBRARY = "libc++";
				CLANG_ENABLE_MODULES = YES;
				CLANG_ENABLE_OBJC_ARC = YES;
				CLANG_ENABLE_OBJC_WEAK = YES;
				CLANG_WARN_BLOCK_CAPTURE_AUTORELEASING = YES;
				CLANG_WARN_BOOL_CONVERSION = YES;
				CLANG_WARN_COMMA = YES;
				CLANG_WARN_CONSTANT_CONVERSION = YES;
				CLANG_WARN_DEPRECATED_OBJC_IMPLEMENTATIONS = YES;
				CLANG_WARN_DIRECT_OBJC_ISA_USAGE = YES_ERROR;
				CLANG_WARN_DOCUMENTATION_COMMENTS = YES;
				CLANG_WARN_EMPTY_BODY = YES;
				CLANG_WARN_ENUM_CONVERSION = YES;
				CLANG_WARN_INFINITE_RECURSION = YES;
				CLANG_WARN_INT_CONVERSION = YES;
				CLANG_WARN_NON_LITERAL_NULL_CONVERSION = YES;
				CLANG_WARN_OBJC_IMPLICIT_RETAIN_SELF = YES;
				CLANG_WARN_OBJC_LITERAL_CONVERSION = YES;
				CLANG_WARN_OBJC_ROOT_CLASS = YES_ERROR;
				CLANG_WARN_QUOTED_INCLUDE_IN_FRAMEWORK_HEADER = YES;
				CLANG_WARN_RANGE_LOOP_ANALYSIS = YES;
				CLANG_WARN_STRICT_PROTOTYPES = YES;
				CLANG_WARN_SUSPICIOUS_MOVE = YES;
				CLANG_WARN_UNGUARDED_AVAILABILITY = YES_AGGRESSIVE;
				CLANG_WARN_UNREACHABLE_CODE = YES;
				CLANG_WARN__DUPLICATE_METHOD_MATCH = YES;
				COPY_PHASE_STRIP = NO;
				DEBUG_INFORMATION_FORMAT = dwarf;
				ENABLE_STRICT_OBJC_MSGSEND = YES;
				ENABLE_TESTABILITY = YES;
				GCC_C_LANGUAGE_STANDARD = gnu11;
				GCC_DYNAMIC_NO_PIC = NO;
				GCC_NO_COMMON_BLOCKS = YES;
				GCC_OPTIMIZATION_LEVEL = 0;
				GCC_PREPROCESSOR_DEFINITIONS = (
					"DEBUG=1",
					"$(inherited)",
				);
				GCC_WARN_64_TO_32_BIT_CONVERSION = YES;
				GCC_WARN_ABOUT_RETURN_TYPE = YES_ERROR;
				GCC_WARN_UNDECLARED_SELECTOR = YES;
				GCC_WARN_UNINITIALIZED_AUTOS = YES_AGGRESSIVE;
				GCC_WARN_UNUSED_FUNCTION = YES;
				GCC_WARN_UNUSED_VARIABLE = YES;
				IPHONEOS_DEPLOYMENT_TARGET = 14.0;
				MTL_ENABLE_DEBUG_INFO = INCLUDE_SOURCE;
				MTL_FAST_MATH = YES;
				ONLY_ACTIVE_ARCH = YES;
				SDKROOT = iphoneos;
				SWIFT_ACTIVE_COMPILATION_CONDITIONS = DEBUG;
				SWIFT_OPTIMIZATION_LEVEL = "-Onone";
			};
			name = Debug;
		};
		2AC3EC4125BDBC11004A6633 /* Release */ = {
			isa = XCBuildConfiguration;
			buildSettings = {
				ALWAYS_SEARCH_USER_PATHS = NO;
				CLANG_ANALYZER_NONNULL = YES;
				CLANG_ANALYZER_NUMBER_OBJECT_CONVERSION = YES_AGGRESSIVE;
				CLANG_CXX_LANGUAGE_STANDARD = "gnu++14";
				CLANG_CXX_LIBRARY = "libc++";
				CLANG_ENABLE_MODULES = YES;
				CLANG_ENABLE_OBJC_ARC = YES;
				CLANG_ENABLE_OBJC_WEAK = YES;
				CLANG_WARN_BLOCK_CAPTURE_AUTORELEASING = YES;
				CLANG_WARN_BOOL_CONVERSION = YES;
				CLANG_WARN_COMMA = YES;
				CLANG_WARN_CONSTANT_CONVERSION = YES;
				CLANG_WARN_DEPRECATED_OBJC_IMPLEMENTATIONS = YES;
				CLANG_WARN_DIRECT_OBJC_ISA_USAGE = YES_ERROR;
				CLANG_WARN_DOCUMENTATION_COMMENTS = YES;
				CLANG_WARN_EMPTY_BODY = YES;
				CLANG_WARN_ENUM_CONVERSION = YES;
				CLANG_WARN_INFINITE_RECURSION = YES;
				CLANG_WARN_INT_CONVERSION = YES;
				CLANG_WARN_NON_LITERAL_NULL_CONVERSION = YES;
				CLANG_WARN_OBJC_IMPLICIT_RETAIN_SELF = YES;
				CLANG_WARN_OBJC_LITERAL_CONVERSION = YES;
				CLANG_WARN_OBJC_ROOT_CLASS = YES_ERROR;
				CLANG_WARN_QUOTED_INCLUDE_IN_FRAMEWORK_HEADER = YES;
				CLANG_WARN_RANGE_LOOP_ANALYSIS = YES;
				CLANG_WARN_STRICT_PROTOTYPES = YES;
				CLANG_WARN_SUSPICIOUS_MOVE = YES;
				CLANG_WARN_UNGUARDED_AVAILABILITY = YES_AGGRESSIVE;
				CLANG_WARN_UNREACHABLE_CODE = YES;
				CLANG_WARN__DUPLICATE_METHOD_MATCH = YES;
				COPY_PHASE_STRIP = NO;
				DEBUG_INFORMATION_FORMAT = "dwarf-with-dsym";
				ENABLE_NS_ASSERTIONS = NO;
				ENABLE_STRICT_OBJC_MSGSEND = YES;
				GCC_C_LANGUAGE_STANDARD = gnu11;
				GCC_NO_COMMON_BLOCKS = YES;
				GCC_WARN_64_TO_32_BIT_CONVERSION = YES;
				GCC_WARN_ABOUT_RETURN_TYPE = YES_ERROR;
				GCC_WARN_UNDECLARED_SELECTOR = YES;
				GCC_WARN_UNINITIALIZED_AUTOS = YES_AGGRESSIVE;
				GCC_WARN_UNUSED_FUNCTION = YES;
				GCC_WARN_UNUSED_VARIABLE = YES;
				IPHONEOS_DEPLOYMENT_TARGET = 14.0;
				MTL_ENABLE_DEBUG_INFO = NO;
				MTL_FAST_MATH = YES;
				SDKROOT = iphoneos;
				SWIFT_COMPILATION_MODE = wholemodule;
				SWIFT_OPTIMIZATION_LEVEL = "-O";
				VALIDATE_PRODUCT = YES;
			};
			name = Release;
		};
		2AC3EC4325BDBC11004A6633 /* Debug */ = {
			isa = XCBuildConfiguration;
			baseConfigurationReference = 1D29FC838865E5EC27CF04F7 /* Pods-YetAnotherEBookReader.debug.xcconfig */;
			buildSettings = {
				ASSETCATALOG_COMPILER_APPICON_NAME = AppIcon;
				ASSETCATALOG_COMPILER_GLOBAL_ACCENT_COLOR_NAME = AccentColor;
				CLANG_ENABLE_MODULES = YES;
				CODE_SIGN_ENTITLEMENTS = YetAnotherEBookReader/YetAnotherEBookReader.entitlements;
				CODE_SIGN_STYLE = Automatic;
				DEVELOPMENT_ASSET_PATHS = "\"YetAnotherEBookReader/Preview Content\"";
				DEVELOPMENT_TEAM = L8WKJ3U7UT;
				ENABLE_PREVIEWS = YES;
				INFOPLIST_FILE = YetAnotherEBookReader/Info.plist;
				IPHONEOS_DEPLOYMENT_TARGET = 14.0;
				LD_RUNPATH_SEARCH_PATHS = (
					"$(inherited)",
					"@executable_path/Frameworks",
				);
				OTHER_LDFLAGS = (
					"$(inherited)",
					"-l\"c++\"",
					"-l\"sqlite3\"",
					"-l\"z\"",
					"-framework",
					"\"AVFoundation\"",
					"-framework",
					"\"AudioToolbox\"",
					"-framework",
					"\"CFNetwork\"",
					"-framework",
					"\"CoreGraphics\"",
					"-framework",
					"\"CoreMedia\"",
					"-framework",
					"\"CoreTelephony\"",
					"-framework",
					"\"CoreVideo\"",
					"-framework",
					"\"FBLPromises\"",
					"-framework",
					"\"GoogleAppMeasurement\"",
					"-framework",
					"\"GoogleMobileAds\"",
					"-framework",
					"\"GoogleUtilities\"",
					"-framework",
					"\"MediaPlayer\"",
					"-framework",
					"\"MessageUI\"",
					"-framework",
					"\"MobileCoreServices\"",
					"-framework",
					"\"QuartzCore\"",
					"-framework",
					"\"Security\"",
					"-framework",
					"\"StoreKit\"",
					"-framework",
					"\"SystemConfiguration\"",
					"-framework",
					"\"UserMessagingPlatform\"",
					"-framework",
					"\"WebKit\"",
					"-framework",
					"\"nanopb\"",
					"-weak_framework",
					"\"AdSupport\"",
					"-weak_framework",
					"\"JavaScriptCore\"",
					"-weak_framework",
					"\"SafariServices\"",
					"-weak_framework",
					"\"WebKit\"",
					"-ObjC",
				);
				PRODUCT_BUNDLE_IDENTIFIER = com.roswen9.YetAnotherEBookReader;
				PRODUCT_NAME = "$(TARGET_NAME)";
				SUPPORTS_MACCATALYST = NO;
				SWIFT_OBJC_BRIDGING_HEADER = "Libs/YetAnotherEBookReader-Bridging-Header.h";
				SWIFT_OPTIMIZATION_LEVEL = "-Onone";
				SWIFT_VERSION = 5.0;
				TARGETED_DEVICE_FAMILY = "1,2";
			};
			name = Debug;
		};
		2AC3EC4425BDBC11004A6633 /* Release */ = {
			isa = XCBuildConfiguration;
			baseConfigurationReference = CE3B1E3098F4803E5377F278 /* Pods-YetAnotherEBookReader.release.xcconfig */;
			buildSettings = {
				ASSETCATALOG_COMPILER_APPICON_NAME = AppIcon;
				ASSETCATALOG_COMPILER_GLOBAL_ACCENT_COLOR_NAME = AccentColor;
				CLANG_ENABLE_MODULES = YES;
				CODE_SIGN_ENTITLEMENTS = YetAnotherEBookReader/YetAnotherEBookReader.entitlements;
				CODE_SIGN_STYLE = Automatic;
				DEVELOPMENT_ASSET_PATHS = "\"YetAnotherEBookReader/Preview Content\"";
				DEVELOPMENT_TEAM = L8WKJ3U7UT;
				ENABLE_PREVIEWS = YES;
				INFOPLIST_FILE = YetAnotherEBookReader/Info.plist;
				IPHONEOS_DEPLOYMENT_TARGET = 14.0;
				LD_RUNPATH_SEARCH_PATHS = (
					"$(inherited)",
					"@executable_path/Frameworks",
				);
				OTHER_LDFLAGS = (
					"$(inherited)",
					"-l\"c++\"",
					"-l\"sqlite3\"",
					"-l\"z\"",
					"-framework",
					"\"AVFoundation\"",
					"-framework",
					"\"AudioToolbox\"",
					"-framework",
					"\"CFNetwork\"",
					"-framework",
					"\"CoreGraphics\"",
					"-framework",
					"\"CoreMedia\"",
					"-framework",
					"\"CoreTelephony\"",
					"-framework",
					"\"CoreVideo\"",
					"-framework",
					"\"FBLPromises\"",
					"-framework",
					"\"GoogleAppMeasurement\"",
					"-framework",
					"\"GoogleMobileAds\"",
					"-framework",
					"\"GoogleUtilities\"",
					"-framework",
					"\"MediaPlayer\"",
					"-framework",
					"\"MessageUI\"",
					"-framework",
					"\"MobileCoreServices\"",
					"-framework",
					"\"QuartzCore\"",
					"-framework",
					"\"Security\"",
					"-framework",
					"\"StoreKit\"",
					"-framework",
					"\"SystemConfiguration\"",
					"-framework",
					"\"UserMessagingPlatform\"",
					"-framework",
					"\"WebKit\"",
					"-framework",
					"\"nanopb\"",
					"-weak_framework",
					"\"AdSupport\"",
					"-weak_framework",
					"\"JavaScriptCore\"",
					"-weak_framework",
					"\"SafariServices\"",
					"-weak_framework",
					"\"WebKit\"",
					"-ObjC",
				);
				PRODUCT_BUNDLE_IDENTIFIER = com.roswen9.YetAnotherEBookReader;
				PRODUCT_NAME = "$(TARGET_NAME)";
				SUPPORTS_MACCATALYST = NO;
				SWIFT_OBJC_BRIDGING_HEADER = "Libs/YetAnotherEBookReader-Bridging-Header.h";
				SWIFT_VERSION = 5.0;
				TARGETED_DEVICE_FAMILY = "1,2";
			};
			name = Release;
		};
		2AC3EC4625BDBC11004A6633 /* Debug */ = {
			isa = XCBuildConfiguration;
			baseConfigurationReference = 12CE5BE6BF5F7016836A940D /* Pods-YetAnotherEBookReaderTests.debug.xcconfig */;
			buildSettings = {
				ALWAYS_EMBED_SWIFT_STANDARD_LIBRARIES = YES;
				BUNDLE_LOADER = "$(TEST_HOST)";
				CODE_SIGN_STYLE = Automatic;
				INFOPLIST_FILE = YetAnotherEBookReaderTests/Info.plist;
				IPHONEOS_DEPLOYMENT_TARGET = 14.0;
				LD_RUNPATH_SEARCH_PATHS = (
					"$(inherited)",
					"@executable_path/Frameworks",
					"@loader_path/Frameworks",
				);
				PRODUCT_BUNDLE_IDENTIFIER = com.roswen9.YetAnotherEBookReaderTests;
				PRODUCT_NAME = "$(TARGET_NAME)";
				SWIFT_VERSION = 5.0;
				TARGETED_DEVICE_FAMILY = "1,2";
				TEST_HOST = "$(BUILT_PRODUCTS_DIR)/YetAnotherEBookReader.app/YetAnotherEBookReader";
			};
			name = Debug;
		};
		2AC3EC4725BDBC11004A6633 /* Release */ = {
			isa = XCBuildConfiguration;
			baseConfigurationReference = 8A9D0D8D419628A653DDFCA2 /* Pods-YetAnotherEBookReaderTests.release.xcconfig */;
			buildSettings = {
				ALWAYS_EMBED_SWIFT_STANDARD_LIBRARIES = YES;
				BUNDLE_LOADER = "$(TEST_HOST)";
				CODE_SIGN_STYLE = Automatic;
				INFOPLIST_FILE = YetAnotherEBookReaderTests/Info.plist;
				IPHONEOS_DEPLOYMENT_TARGET = 14.0;
				LD_RUNPATH_SEARCH_PATHS = (
					"$(inherited)",
					"@executable_path/Frameworks",
					"@loader_path/Frameworks",
				);
				PRODUCT_BUNDLE_IDENTIFIER = com.roswen9.YetAnotherEBookReaderTests;
				PRODUCT_NAME = "$(TARGET_NAME)";
				SWIFT_VERSION = 5.0;
				TARGETED_DEVICE_FAMILY = "1,2";
				TEST_HOST = "$(BUILT_PRODUCTS_DIR)/YetAnotherEBookReader.app/YetAnotherEBookReader";
			};
			name = Release;
		};
		2AC3EC4925BDBC11004A6633 /* Debug */ = {
			isa = XCBuildConfiguration;
			baseConfigurationReference = 9DBFE4F8A54EF68CCFBD3F89 /* Pods-YetAnotherEBookReader-YetAnotherEBookReaderUITests.debug.xcconfig */;
			buildSettings = {
				ALWAYS_EMBED_SWIFT_STANDARD_LIBRARIES = YES;
				CODE_SIGN_STYLE = Automatic;
				INFOPLIST_FILE = YetAnotherEBookReaderUITests/Info.plist;
				LD_RUNPATH_SEARCH_PATHS = (
					"$(inherited)",
					"@executable_path/Frameworks",
					"@loader_path/Frameworks",
				);
				PRODUCT_BUNDLE_IDENTIFIER = com.roswen9.YetAnotherEBookReaderUITests;
				PRODUCT_NAME = "$(TARGET_NAME)";
				SWIFT_VERSION = 5.0;
				TARGETED_DEVICE_FAMILY = "1,2";
				TEST_TARGET_NAME = YetAnotherEBookReader;
			};
			name = Debug;
		};
		2AC3EC4A25BDBC11004A6633 /* Release */ = {
			isa = XCBuildConfiguration;
			baseConfigurationReference = 8EB4E63C76187F34FEF1A091 /* Pods-YetAnotherEBookReader-YetAnotherEBookReaderUITests.release.xcconfig */;
			buildSettings = {
				ALWAYS_EMBED_SWIFT_STANDARD_LIBRARIES = YES;
				CODE_SIGN_STYLE = Automatic;
				INFOPLIST_FILE = YetAnotherEBookReaderUITests/Info.plist;
				LD_RUNPATH_SEARCH_PATHS = (
					"$(inherited)",
					"@executable_path/Frameworks",
					"@loader_path/Frameworks",
				);
				PRODUCT_BUNDLE_IDENTIFIER = com.roswen9.YetAnotherEBookReaderUITests;
				PRODUCT_NAME = "$(TARGET_NAME)";
				SWIFT_VERSION = 5.0;
				TARGETED_DEVICE_FAMILY = "1,2";
				TEST_TARGET_NAME = YetAnotherEBookReader;
			};
			name = Release;
		};
/* End XCBuildConfiguration section */

/* Begin XCConfigurationList section */
		2AC3EC1325BDBC10004A6633 /* Build configuration list for PBXProject "YetAnotherEBookReader" */ = {
			isa = XCConfigurationList;
			buildConfigurations = (
				2AC3EC4025BDBC11004A6633 /* Debug */,
				2AC3EC4125BDBC11004A6633 /* Release */,
			);
			defaultConfigurationIsVisible = 0;
			defaultConfigurationName = Release;
		};
		2AC3EC4225BDBC11004A6633 /* Build configuration list for PBXNativeTarget "YetAnotherEBookReader" */ = {
			isa = XCConfigurationList;
			buildConfigurations = (
				2AC3EC4325BDBC11004A6633 /* Debug */,
				2AC3EC4425BDBC11004A6633 /* Release */,
			);
			defaultConfigurationIsVisible = 0;
			defaultConfigurationName = Release;
		};
		2AC3EC4525BDBC11004A6633 /* Build configuration list for PBXNativeTarget "YetAnotherEBookReaderTests" */ = {
			isa = XCConfigurationList;
			buildConfigurations = (
				2AC3EC4625BDBC11004A6633 /* Debug */,
				2AC3EC4725BDBC11004A6633 /* Release */,
			);
			defaultConfigurationIsVisible = 0;
			defaultConfigurationName = Release;
		};
		2AC3EC4825BDBC11004A6633 /* Build configuration list for PBXNativeTarget "YetAnotherEBookReaderUITests" */ = {
			isa = XCConfigurationList;
			buildConfigurations = (
				2AC3EC4925BDBC11004A6633 /* Debug */,
				2AC3EC4A25BDBC11004A6633 /* Release */,
			);
			defaultConfigurationIsVisible = 0;
			defaultConfigurationName = Release;
		};
/* End XCConfigurationList section */

/* Begin XCRemoteSwiftPackageReference section */
		2A76221F261C07C50067EFD8 /* XCRemoteSwiftPackageReference "FolioReaderKit" */ = {
			isa = XCRemoteSwiftPackageReference;
			repositoryURL = "https://github.com/drearycold/FolioReaderKit.git";
			requirement = {
				branch = peter_dev;
				kind = branch;
			};
		};
		2A8C27B425CBD73E00FC7FC0 /* XCRemoteSwiftPackageReference "Kingfisher" */ = {
			isa = XCRemoteSwiftPackageReference;
			repositoryURL = "https://github.com/onevcat/Kingfisher";
			requirement = {
				kind = upToNextMajorVersion;
				minimumVersion = 5.0.0;
			};
		};
		2ADD964E25C03650001DE755 /* XCRemoteSwiftPackageReference "realm-cocoa" */ = {
			isa = XCRemoteSwiftPackageReference;
			repositoryURL = "https://github.com/realm/realm-cocoa.git";
			requirement = {
				kind = upToNextMajorVersion;
				minimumVersion = 3.17.0;
			};
		};
		2ADD965625C03706001DE755 /* XCRemoteSwiftPackageReference "MenuItemKit" */ = {
			isa = XCRemoteSwiftPackageReference;
			repositoryURL = "https://github.com/cxa/MenuItemKit.git";
			requirement = {
				kind = upToNextMajorVersion;
				minimumVersion = 3.0.0;
			};
		};
		2ADD965E25C03799001DE755 /* XCRemoteSwiftPackageReference "AEXML" */ = {
			isa = XCRemoteSwiftPackageReference;
			repositoryURL = "https://github.com/tadija/AEXML.git";
			requirement = {
				kind = upToNextMajorVersion;
				minimumVersion = 4.3.3;
			};
		};
		2ADD966425C037F3001DE755 /* XCRemoteSwiftPackageReference "ZipArchive" */ = {
			isa = XCRemoteSwiftPackageReference;
			repositoryURL = "https://github.com/drearycold/ZipArchive.git";
			requirement = {
				kind = upToNextMajorVersion;
				minimumVersion = 2.2.5;
			};
		};
		2ADD966D25C0398A001DE755 /* XCRemoteSwiftPackageReference "FontBlaster" */ = {
			isa = XCRemoteSwiftPackageReference;
			repositoryURL = "https://github.com/ArtSabintsev/FontBlaster.git";
			requirement = {
				kind = upToNextMajorVersion;
				minimumVersion = 5.1.3;
			};
		};
/* End XCRemoteSwiftPackageReference section */

/* Begin XCSwiftPackageProductDependency section */
		2A762220261C07C50067EFD8 /* FolioReaderKit */ = {
			isa = XCSwiftPackageProductDependency;
			package = 2A76221F261C07C50067EFD8 /* XCRemoteSwiftPackageReference "FolioReaderKit" */;
			productName = FolioReaderKit;
		};
		2A8C27B525CBD73E00FC7FC0 /* Kingfisher */ = {
			isa = XCSwiftPackageProductDependency;
			package = 2A8C27B425CBD73E00FC7FC0 /* XCRemoteSwiftPackageReference "Kingfisher" */;
			productName = Kingfisher;
		};
		2A8C27B725CBD73E00FC7FC0 /* KingfisherSwiftUI */ = {
			isa = XCSwiftPackageProductDependency;
			package = 2A8C27B425CBD73E00FC7FC0 /* XCRemoteSwiftPackageReference "Kingfisher" */;
			productName = KingfisherSwiftUI;
		};
		2ADD964F25C03650001DE755 /* Realm */ = {
			isa = XCSwiftPackageProductDependency;
			package = 2ADD964E25C03650001DE755 /* XCRemoteSwiftPackageReference "realm-cocoa" */;
			productName = Realm;
		};
		2ADD965125C03650001DE755 /* RealmSwift */ = {
			isa = XCSwiftPackageProductDependency;
			package = 2ADD964E25C03650001DE755 /* XCRemoteSwiftPackageReference "realm-cocoa" */;
			productName = RealmSwift;
		};
		2ADD965725C03706001DE755 /* MenuItemKit */ = {
			isa = XCSwiftPackageProductDependency;
			package = 2ADD965625C03706001DE755 /* XCRemoteSwiftPackageReference "MenuItemKit" */;
			productName = MenuItemKit;
		};
		2ADD965F25C03799001DE755 /* AEXML */ = {
			isa = XCSwiftPackageProductDependency;
			package = 2ADD965E25C03799001DE755 /* XCRemoteSwiftPackageReference "AEXML" */;
			productName = AEXML;
		};
		2ADD966525C037F3001DE755 /* ZipArchive */ = {
			isa = XCSwiftPackageProductDependency;
			package = 2ADD966425C037F3001DE755 /* XCRemoteSwiftPackageReference "ZipArchive" */;
			productName = ZipArchive;
		};
		2ADD966E25C0398A001DE755 /* FontBlaster */ = {
			isa = XCSwiftPackageProductDependency;
			package = 2ADD966D25C0398A001DE755 /* XCRemoteSwiftPackageReference "FontBlaster" */;
			productName = FontBlaster;
		};
/* End XCSwiftPackageProductDependency section */
	};
	rootObject = 2AC3EC1025BDBC10004A6633 /* Project object */;
}
